
Microsoft Visual Studio Solution File, Format Version 12.00
# Visual Studio 2012
Project("{D954291E-2A0B-460D-934E-DC6B0785DB48}") = "FloPotatoes", "FloPotatoes\FloPotatoes.shproj", "{D345BE66-5579-43B6-8B6B-AC7D6CCF20DB}"
EndProject
Project("{FAE04EC0-301F-11D3-BF4B-00C04F79EFBC}") = "FloPotatoes.IOS", "FloPotatoes.IOS\FloPotatoes.IOS.csproj", "{17871E3D-0D06-4338-BDF6-7336A6136742}"
EndProject
Project("{FAE04EC0-301F-11D3-BF4B-00C04F79EFBC}") = "FloPotatoes.Android", "FloPotatoes.Android\FloPotatoes.Android.csproj", "{1A019C7F-7470-447A-9E6A-4E6B5B393ECC}"
EndProject
Project("{FAE04EC0-301F-11D3-BF4B-00C04F79EFBC}") = "FloPotatoes.UITests", "FloPotatoes.UITests\FloPotatoes.UITests.csproj", "{14512374-A13D-48D2-A536-59EB438BDBC2}"
EndProject
Global
	GlobalSection(SolutionConfigurationPlatforms) = preSolution
		Debug|iPhoneSimulator = Debug|iPhoneSimulator
		Release|iPhoneSimulator = Release|iPhoneSimulator
		Debug|iPhone = Debug|iPhone
		Release|iPhone = Release|iPhone
		Ad-Hoc|iPhone = Ad-Hoc|iPhone
		AppStore|iPhone = AppStore|iPhone
	EndGlobalSection
	GlobalSection(ProjectConfigurationPlatforms) = postSolution
		{14512374-A13D-48D2-A536-59EB438BDBC2}.Ad-Hoc|iPhone.ActiveCfg = Release|Any CPU
		{14512374-A13D-48D2-A536-59EB438BDBC2}.Ad-Hoc|iPhone.Build.0 = Release|Any CPU
		{14512374-A13D-48D2-A536-59EB438BDBC2}.AppStore|iPhone.ActiveCfg = Release|Any CPU
		{14512374-A13D-48D2-A536-59EB438BDBC2}.AppStore|iPhone.Build.0 = Release|Any CPU
		{14512374-A13D-48D2-A536-59EB438BDBC2}.Debug|iPhone.ActiveCfg = Debug|Any CPU
		{14512374-A13D-48D2-A536-59EB438BDBC2}.Debug|iPhone.Build.0 = Debug|Any CPU
		{14512374-A13D-48D2-A536-59EB438BDBC2}.Debug|iPhoneSimulator.ActiveCfg = Debug|Any CPU
		{14512374-A13D-48D2-A536-59EB438BDBC2}.Debug|iPhoneSimulator.Build.0 = Debug|Any CPU
		{14512374-A13D-48D2-A536-59EB438BDBC2}.Release|iPhone.ActiveCfg = Release|Any CPU
		{14512374-A13D-48D2-A536-59EB438BDBC2}.Release|iPhone.Build.0 = Release|Any CPU
		{14512374-A13D-48D2-A536-59EB438BDBC2}.Release|iPhoneSimulator.ActiveCfg = Release|Any CPU
		{14512374-A13D-48D2-A536-59EB438BDBC2}.Release|iPhoneSimulator.Build.0 = Release|Any CPU
		{17871E3D-0D06-4338-BDF6-7336A6136742}.Ad-Hoc|iPhone.ActiveCfg = Ad-Hoc|iPhone
		{17871E3D-0D06-4338-BDF6-7336A6136742}.Ad-Hoc|iPhone.Build.0 = Ad-Hoc|iPhone
		{17871E3D-0D06-4338-BDF6-7336A6136742}.AppStore|iPhone.ActiveCfg = AppStore|iPhone
		{17871E3D-0D06-4338-BDF6-7336A6136742}.AppStore|iPhone.Build.0 = AppStore|iPhone
		{17871E3D-0D06-4338-BDF6-7336A6136742}.Debug|iPhone.ActiveCfg = Debug|iPhone
		{17871E3D-0D06-4338-BDF6-7336A6136742}.Debug|iPhone.Build.0 = Debug|iPhone
		{17871E3D-0D06-4338-BDF6-7336A6136742}.Debug|iPhoneSimulator.ActiveCfg = Debug|iPhoneSimulator
		{17871E3D-0D06-4338-BDF6-7336A6136742}.Debug|iPhoneSimulator.Build.0 = Debug|iPhoneSimulator
		{17871E3D-0D06-4338-BDF6-7336A6136742}.Release|iPhone.ActiveCfg = Release|iPhone
		{17871E3D-0D06-4338-BDF6-7336A6136742}.Release|iPhone.Build.0 = Release|iPhone
		{17871E3D-0D06-4338-BDF6-7336A6136742}.Release|iPhoneSimulator.ActiveCfg = Release|iPhoneSimulator
		{17871E3D-0D06-4338-BDF6-7336A6136742}.Release|iPhoneSimulator.Build.0 = Release|iPhoneSimulator
		{1A019C7F-7470-447A-9E6A-4E6B5B393ECC}.Ad-Hoc|iPhone.ActiveCfg = Release|Any CPU
		{1A019C7F-7470-447A-9E6A-4E6B5B393ECC}.Ad-Hoc|iPhone.Build.0 = Release|Any CPU
		{1A019C7F-7470-447A-9E6A-4E6B5B393ECC}.AppStore|iPhone.ActiveCfg = Release|Any CPU
		{1A019C7F-7470-447A-9E6A-4E6B5B393ECC}.AppStore|iPhone.Build.0 = Release|Any CPU
		{1A019C7F-7470-447A-9E6A-4E6B5B393ECC}.Debug|iPhone.ActiveCfg = Debug|Any CPU
		{1A019C7F-7470-447A-9E6A-4E6B5B393ECC}.Debug|iPhone.Build.0 = Debug|Any CPU
		{1A019C7F-7470-447A-9E6A-4E6B5B393ECC}.Debug|iPhoneSimulator.ActiveCfg = Debug|Any CPU
		{1A019C7F-7470-447A-9E6A-4E6B5B393ECC}.Debug|iPhoneSimulator.Build.0 = Debug|Any CPU
		{1A019C7F-7470-447A-9E6A-4E6B5B393ECC}.Release|iPhone.ActiveCfg = Release|Any CPU
		{1A019C7F-7470-447A-9E6A-4E6B5B393ECC}.Release|iPhone.Build.0 = Release|Any CPU
		{1A019C7F-7470-447A-9E6A-4E6B5B393ECC}.Release|iPhoneSimulator.ActiveCfg = Release|Any CPU
		{1A019C7F-7470-447A-9E6A-4E6B5B393ECC}.Release|iPhoneSimulator.Build.0 = Release|Any CPU
	EndGlobalSection
	GlobalSection(MonoDevelopProperties) = preSolution
		StartupItem = FloPotatoes.Android\FloPotatoes.Android.csproj
	EndGlobalSection
EndGlobal
